<?xml version="1.0" encoding="utf-8"?>
<Project ToolsVersion="4.0" xmlns="http://schemas.microsoft.com/developer/msbuild/2003">
  <ItemGroup>
    <Filter Include="Source Files">
      <UniqueIdentifier>{4FC737F1-C7A5-4376-A066-2A32D752A2FF}</UniqueIdentifier>
      <Extensions>cpp;c;cxx;def;odl;idl;hpj;bat;asm;asmx</Extensions>
    </Filter>
    <Filter Include="Header Files">
      <UniqueIdentifier>{93995380-89BD-4b04-88EB-625FBE52EBFB}</UniqueIdentifier>
      <Extensions>h;hpp;hxx;hm;inl;inc;xsd</Extensions>
    </Filter>
    <Filter Include="Header Files\Games">
      <UniqueIdentifier>{18c19b26-d264-4d93-98ef-7def3b5e171c}</UniqueIdentifier>
    </Filter>
    <Filter Include="Header Files\Hooks">
      <UniqueIdentifier>{1b83fe9a-ee3d-4780-9d2f-ea409120896d}</UniqueIdentifier>
    </Filter>
  </ItemGroup>
  <ItemGroup>
    <ClCompile Include="main.cpp">
      <Filter>Source Files</Filter>
    </ClCompile>
    <ClCompile Include="util.cpp">
      <Filter>Header Files\Hooks</Filter>
    </ClCompile>
    <ClCompile Include="CRC32.cpp">
      <Filter>Header Files\Hooks</Filter>
    </ClCompile>
  </ItemGroup>
  <ItemGroup>
    <None Include="main.def">
      <Filter>Source Files</Filter>
    </None>
  </ItemGroup>
  <ItemGroup>
    <ClInclude Include="types.h">
      <Filter>Header Files</Filter>
    </ClInclude>
    <ClInclude Include="buttons.h">
      <Filter>Header Files</Filter>
    </ClInclude>
    <ClInclude Include="AlanWake.h">
      <Filter>Header Files\Games</Filter>
    </ClInclude>
    <ClInclude Include="Kameo.h">
      <Filter>Header Files\Games</Filter>
    </ClInclude>
    <ClInclude Include="common.h">
      <Filter>Header Files</Filter>
    </ClInclude>
    <ClInclude Include="SplinterCell.h">
      <Filter>Header Files\Games</Filter>
    </ClInclude>
    <ClInclude Include="util.h">
      <Filter>Header Files\Hooks</Filter>
    </ClInclude>
    <ClInclude Include="BioShock.h">
      <Filter>Header Files\Games</Filter>
    </ClInclude>
    <ClInclude Include="BioShock2.h">
      <Filter>Header Files\Games</Filter>
    </ClInclude>
    <ClInclude Include="GoldenAxe.h">
      <Filter>Header Files\Games</Filter>
    </ClInclude>
    <ClInclude Include="BodyCount.h">
      <Filter>Header Files\Games</Filter>
    </ClInclude>
    <ClInclude Include="SpaceMarine.h">
      <Filter>Header Files\Games</Filter>
    </ClInclude>
    <ClInclude Include="BladesofTime.h">
      <Filter>Header Files\Games</Filter>
    </ClInclude>
    <ClInclude Include="Blackops2_D3D.h">
      <Filter>Header Files\Games</Filter>
    </ClInclude>
    <ClInclude Include="KernelExports.h">
      <Filter>Header Files\Hooks</Filter>
    </ClInclude>
    <ClInclude Include="XexLoadImage.h">
      <Filter>Header Files\Hooks</Filter>
    </ClInclude>
    <ClInclude Include="Logging.h">
      <Filter>Header Files\Hooks</Filter>
    </ClInclude>
    <ClInclude Include="CRC32.h">
      <Filter>Header Files\Hooks</Filter>
    </ClInclude>
    <ClInclude Include="GTAVOnline.h">
      <Filter>Header Files\Games</Filter>
    </ClInclude>
    <ClInclude Include="Mw3.h">
      <Filter>Header Files\Games</Filter>
    </ClInclude>
    <ClInclude Include="BO2_XUID.h">
      <Filter>Header Files\Games</Filter>
    </ClInclude>
  </ItemGroup>
</Project>